
Microsoft Visual Studio Solution File, Format Version 12.00
# Visual Studio 15
VisualStudioVersion = 15.0.26730.12
MinimumVisualStudioVersion = 10.0.40219.1
Project("{FAE04EC0-301F-11D3-BF4B-00C04F79EFBC}") = "wfaTestCsAES", "wfaTestCsAES\wfaTestCsAES.csproj", "{3A96D804-37D8-4D6E-B3ED-D5CC0B161BD9}"
EndProject
Global
	GlobalSection(SolutionConfigurationPlatforms) = preSolution
		Debug|Any CPU = Debug|Any CPU
		Release|Any CPU = Release|Any CPU
	EndGlobalSection
	GlobalSection(ProjectConfigurationPlatforms) = postSolution
		{3A96D804-37D8-4D6E-B3ED-D5CC0B161BD9}.Debug|Any CPU.ActiveCfg = Debug|Any CPU
		{3A96D804-37D8-4D6E-B3ED-D5CC0B161BD9}.Debug|Any CPU.Build.0 = Debug|Any CPU
		{3A96D804-37D8-4D6E-B3ED-D5CC0B161BD9}.Release|Any CPU.ActiveCfg = Release|Any CPU
		{3A96D804-37D8-4D6E-B3ED-D5CC0B161BD9}.Release|Any CPU.Build.0 = Release|Any CPU
	EndGlobalSection
	GlobalSection(SolutionProperties) = preSolution
		HideSolutionNode = FALSE
	EndGlobalSection
	GlobalSection(ExtensibilityGlobals) = postSolution
		SolutionGuid = {F35C5115-A6BD-4ED4-9DA7-37756940EA33}
	EndGlobalSection
EndGlobal
